
Microsoft Visual Studio Solution File, Format Version 12.00
# Visual Studio Version 17
VisualStudioVersion = 17.13.35818.85 d17.13
MinimumVisualStudioVersion = 10.0.40219.1
Project("{8BC9CEB8-8B4A-11D0-8D11-00A0C91BC942}") = "Practice05_3b", "Practice05_3b\Practice05_3b.vcxproj", "{BD4710AD-C9FF-4CAD-862C-7C943FD2F836}"
EndProject
Global
	GlobalSection(SolutionConfigurationPlatforms) = preSolution
		Debug|x64 = Debug|x64
		Debug|x86 = Debug|x86
		Release|x64 = Release|x64
		Release|x86 = Release|x86
	EndGlobalSection
	GlobalSection(ProjectConfigurationPlatforms) = postSolution
		{BD4710AD-C9FF-4CAD-862C-7C943FD2F836}.Debug|x64.ActiveCfg = Debug|x64
		{BD4710AD-C9FF-4CAD-862C-7C943FD2F836}.Debug|x64.Build.0 = Debug|x64
		{BD4710AD-C9FF-4CAD-862C-7C943FD2F836}.Debug|x86.ActiveCfg = Debug|Win32
		{BD4710AD-C9FF-4CAD-862C-7C943FD2F836}.Debug|x86.Build.0 = Debug|Win32
		{BD4710AD-C9FF-4CAD-862C-7C943FD2F836}.Release|x64.ActiveCfg = Release|x64
		{BD4710AD-C9FF-4CAD-862C-7C943FD2F836}.Release|x64.Build.0 = Release|x64
		{BD4710AD-C9FF-4CAD-862C-7C943FD2F836}.Release|x86.ActiveCfg = Release|Win32
		{BD4710AD-C9FF-4CAD-862C-7C943FD2F836}.Release|x86.Build.0 = Release|Win32
	EndGlobalSection
	GlobalSection(SolutionProperties) = preSolution
		HideSolutionNode = FALSE
	EndGlobalSection
	GlobalSection(ExtensibilityGlobals) = postSolution
		SolutionGuid = {D11C44AE-0725-4867-8457-C2701F0081BA}
	EndGlobalSection
EndGlobal
