
Microsoft Visual Studio Solution File, Format Version 12.00
# Visual Studio Version 17
VisualStudioVersion = 17.13.35806.99 d17.13
MinimumVisualStudioVersion = 10.0.40219.1
Project("{8BC9CEB8-8B4A-11D0-8D11-00A0C91BC942}") = "Practice05_1a", "Practice05_1a\Practice05_1a.vcxproj", "{37CBB1D4-0277-49F5-9618-0F671DF4C757}"
EndProject
Global
	GlobalSection(SolutionConfigurationPlatforms) = preSolution
		Debug|x64 = Debug|x64
		Debug|x86 = Debug|x86
		Release|x64 = Release|x64
		Release|x86 = Release|x86
	EndGlobalSection
	GlobalSection(ProjectConfigurationPlatforms) = postSolution
		{37CBB1D4-0277-49F5-9618-0F671DF4C757}.Debug|x64.ActiveCfg = Debug|x64
		{37CBB1D4-0277-49F5-9618-0F671DF4C757}.Debug|x64.Build.0 = Debug|x64
		{37CBB1D4-0277-49F5-9618-0F671DF4C757}.Debug|x86.ActiveCfg = Debug|Win32
		{37CBB1D4-0277-49F5-9618-0F671DF4C757}.Debug|x86.Build.0 = Debug|Win32
		{37CBB1D4-0277-49F5-9618-0F671DF4C757}.Release|x64.ActiveCfg = Release|x64
		{37CBB1D4-0277-49F5-9618-0F671DF4C757}.Release|x64.Build.0 = Release|x64
		{37CBB1D4-0277-49F5-9618-0F671DF4C757}.Release|x86.ActiveCfg = Release|Win32
		{37CBB1D4-0277-49F5-9618-0F671DF4C757}.Release|x86.Build.0 = Release|Win32
	EndGlobalSection
	GlobalSection(SolutionProperties) = preSolution
		HideSolutionNode = FALSE
	EndGlobalSection
	GlobalSection(ExtensibilityGlobals) = postSolution
		SolutionGuid = {0F7155B8-1474-4022-A88B-9CB012691CC5}
	EndGlobalSection
EndGlobal
